<?xml version="1.0" encoding="utf-8"?>
<Project ToolsVersion="4.0" xmlns="http://schemas.microsoft.com/developer/msbuild/2003">
  <ItemGroup>
    <Filter Include="win32">
      <UniqueIdentifier>{84a8ebd7-7cf0-47f6-b75e-d441df67da40}</UniqueIdentifier>
    </Filter>
    <Filter Include="resource">
      <UniqueIdentifier>{715254bc-d70b-4ec5-bf29-467dd3ace079}</UniqueIdentifier>
    </Filter>
    <Filter Include="src">
      <UniqueIdentifier>{bb6c862e-70e9-49d9-81b7-3829a6f50471}</UniqueIdentifier>
    </Filter>
    <Filter Include="src\Camera">
      <UniqueIdentifier>{f680f417-e820-4380-bbbd-93f2449c68b9}</UniqueIdentifier>
    </Filter>
    <Filter Include="src\HUD">
      <UniqueIdentifier>{986a4187-c13c-4842-b423-022101f92520}</UniqueIdentifier>
    </Filter>
    <Filter Include="src\Input">
      <UniqueIdentifier>{1531da8e-b270-46c6-b72e-c378b37fc357}</UniqueIdentifier>
    </Filter>
    <Filter Include="src\StateMachine">
      <UniqueIdentifier>{a7784c90-2689-4fcd-b658-dc2cfd120395}</UniqueIdentifier>
    </Filter>
    <Filter Include="src\Utils">
      <UniqueIdentifier>{2a2aaf41-4994-4d2d-9d42-a41e39bdf1c1}</UniqueIdentifier>
    </Filter>
    <Filter Include="src\Entities">
      <UniqueIdentifier>{f4f160ad-3d6a-4ef9-8029-325d66e8d7bb}</UniqueIdentifier>
    </Filter>
    <Filter Include="src\Entities\Enemy">
      <UniqueIdentifier>{e8f5c88c-9fa2-4288-9946-e7bebe484537}</UniqueIdentifier>
    </Filter>
    <Filter Include="src\Entities\Characters">
      <UniqueIdentifier>{70f1b69d-f5c7-4483-adc9-9c74ec6fcf9d}</UniqueIdentifier>
    </Filter>
    <Filter Include="src\Entities\Spells">
      <UniqueIdentifier>{745d1f0f-36ef-43f5-8a56-8277b0df763a}</UniqueIdentifier>
    </Filter>
  </ItemGroup>
  <ItemGroup>
    <ClCompile Include="main.cpp">
      <Filter>win32</Filter>
    </ClCompile>
    <ClCompile Include="..\Classes\Camera\CameraController.cpp">
      <Filter>src\Camera</Filter>
    </ClCompile>
    <ClCompile Include="..\Classes\Character\Character.cpp">
      <Filter>src\Entities\Characters</Filter>
    </ClCompile>
    <ClCompile Include="..\Classes\Enemy\Enemy.cpp">
      <Filter>src\Entities\Enemy</Filter>
    </ClCompile>
    <ClCompile Include="..\Classes\HUD\CharacterHUD.cpp">
      <Filter>src\HUD</Filter>
    </ClCompile>
    <ClCompile Include="..\Classes\Input\InputManager.cpp">
      <Filter>src\Input</Filter>
    </ClCompile>
    <ClCompile Include="..\Classes\StateMachine\StateMachine.cpp">
      <Filter>src\StateMachine</Filter>
    </ClCompile>
    <ClCompile Include="..\Classes\Utils\Utils.cpp">
      <Filter>src\Utils</Filter>
    </ClCompile>
    <ClCompile Include="..\Classes\StateMachine\WanderState.cpp">
      <Filter>src\StateMachine</Filter>
    </ClCompile>
    <ClCompile Include="..\Classes\HelloWorldScene.cpp">
      <Filter>src</Filter>
    </ClCompile>
    <ClCompile Include="..\Classes\StateMachine\State.cpp">
      <Filter>src\StateMachine</Filter>
    </ClCompile>
    <ClCompile Include="..\Classes\AppDelegate.cpp">
      <Filter>src</Filter>
    </ClCompile>
    <ClCompile Include="BoxedPhysics.cpp" />
    <ClCompile Include="..\Classes\Entities\Spell.cpp">
      <Filter>src\Entities\Spells</Filter>
    </ClCompile>
  </ItemGroup>
  <ItemGroup>
    <ClInclude Include="main.h">
      <Filter>win32</Filter>
    </ClInclude>
    <ClInclude Include="..\Classes\Character\Character.h">
      <Filter>src\Entities\Characters</Filter>
    </ClInclude>
    <ClInclude Include="..\Classes\Input\InputManager.h">
      <Filter>src\Input</Filter>
    </ClInclude>
    <ClInclude Include="..\Classes\HUD\CharacterHUD.h">
      <Filter>src\HUD</Filter>
    </ClInclude>
    <ClInclude Include="..\Classes\Utils\Utils.h">
      <Filter>src\Utils</Filter>
    </ClInclude>
    <ClInclude Include="..\Classes\Camera\CameraController.h">
      <Filter>src\Camera</Filter>
    </ClInclude>
    <ClInclude Include="..\Classes\Enemy\Enemy.h">
      <Filter>src\Entities\Enemy</Filter>
    </ClInclude>
    <ClInclude Include="..\Classes\StateMachine\StateMachine.h">
      <Filter>src\StateMachine</Filter>
    </ClInclude>
    <ClInclude Include="..\Classes\AppDelegate.h">
      <Filter>src</Filter>
    </ClInclude>
    <ClInclude Include="..\Classes\GameStandart.h">
      <Filter>src</Filter>
    </ClInclude>
    <ClInclude Include="..\Classes\HelloWorldScene.h">
      <Filter>src</Filter>
    </ClInclude>
    <ClInclude Include="..\Classes\StateMachine\WanderState.h">
      <Filter>src\StateMachine</Filter>
    </ClInclude>
    <ClInclude Include="..\Classes\StateMachine\State.h">
      <Filter>src\StateMachine</Filter>
    </ClInclude>
    <ClInclude Include="BoxedPhysics.h" />
    <ClInclude Include="..\Classes\Entities\Spell.h">
      <Filter>src\Entities\Spells</Filter>
    </ClInclude>
    <ClInclude Include="..\Classes\Entities\SpellType.h">
      <Filter>src\Entities\Spells</Filter>
    </ClInclude>
  </ItemGroup>
  <ItemGroup>
    <ResourceCompile Include="game.rc">
      <Filter>resource</Filter>
    </ResourceCompile>
  </ItemGroup>
  <ItemGroup>
    <None Include="ClassDiagram.cd" />
  </ItemGroup>
</Project>